
Microsoft Visual Studio Solution File, Format Version 12.00
# Visual Studio Version 17
VisualStudioVersion = 17.7.34031.279
MinimumVisualStudioVersion = 10.0.40219.1
Project("{9A19103F-16F7-4668-BE54-9A1E7A4F7556}") = "NM_Lab1", "NM_Lab1\NM_Lab1.csproj", "{A759EFAF-C378-4484-9951-A4B3EE2E2591}"
EndProject
Project("{2150E333-8FDC-42A3-9474-1A3956D46DE8}") = "Элементы решения", "Элементы решения", "{45872F92-A6F4-43E9-8721-8EA56FF7EFC2}"
EndProject
Global
	GlobalSection(SolutionConfigurationPlatforms) = preSolution
		Debug|Any CPU = Debug|Any CPU
		Release|Any CPU = Release|Any CPU
	EndGlobalSection
	GlobalSection(ProjectConfigurationPlatforms) = postSolution
		{A759EFAF-C378-4484-9951-A4B3EE2E2591}.Debug|Any CPU.ActiveCfg = Debug|Any CPU
		{A759EFAF-C378-4484-9951-A4B3EE2E2591}.Debug|Any CPU.Build.0 = Debug|Any CPU
		{A759EFAF-C378-4484-9951-A4B3EE2E2591}.Release|Any CPU.ActiveCfg = Release|Any CPU
		{A759EFAF-C378-4484-9951-A4B3EE2E2591}.Release|Any CPU.Build.0 = Release|Any CPU
	EndGlobalSection
	GlobalSection(SolutionProperties) = preSolution
		HideSolutionNode = FALSE
	EndGlobalSection
	GlobalSection(ExtensibilityGlobals) = postSolution
		SolutionGuid = {55961337-E833-4344-ACF2-6025E76E96D3}
	EndGlobalSection
EndGlobal
